
Microsoft Visual Studio Solution File, Format Version 12.00
# Visual Studio Version 17
VisualStudioVersion = 17.11.35222.181
MinimumVisualStudioVersion = 10.0.40219.1
Project("{FAE04EC0-301F-11D3-BF4B-00C04F79EFBC}") = "LearnMyCalculatorApp", "LearnMyCalculatorApp.csproj", "{5A75E52C-50BB-4AA4-944B-3347F4C60F0A}"
EndProject
Global
	GlobalSection(SolutionConfigurationPlatforms) = preSolution
		Debug|Any CPU = Debug|Any CPU
		Release|Any CPU = Release|Any CPU
	EndGlobalSection
	GlobalSection(ProjectConfigurationPlatforms) = postSolution
		{5A75E52C-50BB-4AA4-944B-3347F4C60F0A}.Debug|Any CPU.ActiveCfg = Debug|Any CPU
		{5A75E52C-50BB-4AA4-944B-3347F4C60F0A}.Debug|Any CPU.Build.0 = Debug|Any CPU
		{5A75E52C-50BB-4AA4-944B-3347F4C60F0A}.Release|Any CPU.ActiveCfg = Release|Any CPU
		{5A75E52C-50BB-4AA4-944B-3347F4C60F0A}.Release|Any CPU.Build.0 = Release|Any CPU
	EndGlobalSection
	GlobalSection(SolutionProperties) = preSolution
		HideSolutionNode = FALSE
	EndGlobalSection
	GlobalSection(ExtensibilityGlobals) = postSolution
		SolutionGuid = {03681565-294C-491F-9229-37A25C1BB6F2}
	EndGlobalSection
EndGlobal
